// !$*UTF8*$!
{
	archiveVersion = 1;
	classes = {
	};
	objectVersion = 54;
	objects = {

/* Begin PBXBuildFile section */
		E30D5E3D269D2F290095CE91 /* RatingView.swift in Sources */ = {isa = PBXBuildFile; fileRef = E30D5E3C269D2F290095CE91 /* RatingView.swift */; };
		E31664A826929D9E003175EF /* FitManApp.swift in Sources */ = {isa = PBXBuildFile; fileRef = E31664A726929D9E003175EF /* FitManApp.swift */; };
		E31664AA26929D9E003175EF /* ContentView.swift in Sources */ = {isa = PBXBuildFile; fileRef = E31664A926929D9E003175EF /* ContentView.swift */; };
		E31664AC26929DA0003175EF /* Assets.xcassets in Resources */ = {isa = PBXBuildFile; fileRef = E31664AB26929DA0003175EF /* Assets.xcassets */; };
		E31664AF26929DA0003175EF /* Preview Assets.xcassets in Resources */ = {isa = PBXBuildFile; fileRef = E31664AE26929DA0003175EF /* Preview Assets.xcassets */; };
		E39C2CB82696B85400C8DD3A /* WelcomeView.swift in Sources */ = {isa = PBXBuildFile; fileRef = E39C2CB72696B85400C8DD3A /* WelcomeView.swift */; };
		E39C2CBA2696B86900C8DD3A /* ExerciseView.swift in Sources */ = {isa = PBXBuildFile; fileRef = E39C2CB92696B86900C8DD3A /* ExerciseView.swift */; };
		E39C2CC02696C33200C8DD3A /* squat.mp4 in Resources */ = {isa = PBXBuildFile; fileRef = E39C2CBC2696C33100C8DD3A /* squat.mp4 */; };
		E39C2CC12696C33200C8DD3A /* burpee.mp4 in Resources */ = {isa = PBXBuildFile; fileRef = E39C2CBD2696C33100C8DD3A /* burpee.mp4 */; };
		E39C2CC22696C33200C8DD3A /* step-up.mp4 in Resources */ = {isa = PBXBuildFile; fileRef = E39C2CBE2696C33100C8DD3A /* step-up.mp4 */; };
		E39C2CC32696C33200C8DD3A /* sun-salute.mp4 in Resources */ = {isa = PBXBuildFile; fileRef = E39C2CBF2696C33200C8DD3A /* sun-salute.mp4 */; };
		E3C75BC02699CF9F00243DA9 /* HeaderView.swift in Sources */ = {isa = PBXBuildFile; fileRef = E3C75BBF2699CF9F00243DA9 /* HeaderView.swift */; };
/* End PBXBuildFile section */

/* Begin PBXFileReference section */
		E30D5E3C269D2F290095CE91 /* RatingView.swift */ = {isa = PBXFileReference; lastKnownFileType = sourcecode.swift; path = RatingView.swift; sourceTree = "<group>"; };
		E31664A426929D9E003175EF /* FitMan.app */ = {isa = PBXFileReference; explicitFileType = wrapper.application; includeInIndex = 0; path = FitMan.app; sourceTree = BUILT_PRODUCTS_DIR; };
		E31664A726929D9E003175EF /* FitManApp.swift */ = {isa = PBXFileReference; lastKnownFileType = sourcecode.swift; path = FitManApp.swift; sourceTree = "<group>"; };
		E31664A926929D9E003175EF /* ContentView.swift */ = {isa = PBXFileReference; lastKnownFileType = sourcecode.swift; path = ContentView.swift; sourceTree = "<group>"; };
		E31664AB26929DA0003175EF /* Assets.xcassets */ = {isa = PBXFileReference; lastKnownFileType = folder.assetcatalog; path = Assets.xcassets; sourceTree = "<group>"; };
		E31664AE26929DA0003175EF /* Preview Assets.xcassets */ = {isa = PBXFileReference; lastKnownFileType = folder.assetcatalog; path = "Preview Assets.xcassets"; sourceTree = "<group>"; };
		E31664B026929DA0003175EF /* Info.plist */ = {isa = PBXFileReference; lastKnownFileType = text.plist.xml; path = Info.plist; sourceTree = "<group>"; };
		E39C2CB72696B85400C8DD3A /* WelcomeView.swift */ = {isa = PBXFileReference; lastKnownFileType = sourcecode.swift; path = WelcomeView.swift; sourceTree = "<group>"; };
		E39C2CB92696B86900C8DD3A /* ExerciseView.swift */ = {isa = PBXFileReference; lastKnownFileType = sourcecode.swift; path = ExerciseView.swift; sourceTree = "<group>"; };
		E39C2CBC2696C33100C8DD3A /* squat.mp4 */ = {isa = PBXFileReference; lastKnownFileType = file; path = squat.mp4; sourceTree = "<group>"; };
		E39C2CBD2696C33100C8DD3A /* burpee.mp4 */ = {isa = PBXFileReference; lastKnownFileType = file; path = burpee.mp4; sourceTree = "<group>"; };
		E39C2CBE2696C33100C8DD3A /* step-up.mp4 */ = {isa = PBXFileReference; lastKnownFileType = file; path = "step-up.mp4"; sourceTree = "<group>"; };
		E39C2CBF2696C33200C8DD3A /* sun-salute.mp4 */ = {isa = PBXFileReference; lastKnownFileType = file; path = "sun-salute.mp4"; sourceTree = "<group>"; };
		E3C75BBF2699CF9F00243DA9 /* HeaderView.swift */ = {isa = PBXFileReference; lastKnownFileType = sourcecode.swift; path = HeaderView.swift; sourceTree = "<group>"; };
/* End PBXFileReference section */

/* Begin PBXFrameworksBuildPhase section */
		E31664A126929D9E003175EF /* Frameworks */ = {
			isa = PBXFrameworksBuildPhase;
			buildActionMask = 2147483647;
			files = (
			);
			runOnlyForDeploymentPostprocessing = 0;
		};
/* End PBXFrameworksBuildPhase section */

/* Begin PBXGroup section */
		E316649B26929D9E003175EF = {
			isa = PBXGroup;
			children = (
				E31664A626929D9E003175EF /* FitMan */,
				E31664A526929D9E003175EF /* Products */,
			);
			sourceTree = "<group>";
		};
		E31664A526929D9E003175EF /* Products */ = {
			isa = PBXGroup;
			children = (
				E31664A426929D9E003175EF /* FitMan.app */,
			);
			name = Products;
			sourceTree = "<group>";
		};
		E31664A626929D9E003175EF /* FitMan */ = {
			isa = PBXGroup;
			children = (
				E39C2CBD2696C33100C8DD3A /* burpee.mp4 */,
				E39C2CBC2696C33100C8DD3A /* squat.mp4 */,
				E39C2CBE2696C33100C8DD3A /* step-up.mp4 */,
				E39C2CBF2696C33200C8DD3A /* sun-salute.mp4 */,
				E31664A726929D9E003175EF /* FitManApp.swift */,
				E39C2CBB2696B88300C8DD3A /* Views */,
				E31664AB26929DA0003175EF /* Assets.xcassets */,
				E31664B026929DA0003175EF /* Info.plist */,
				E31664AD26929DA0003175EF /* Preview Content */,
			);
			path = FitMan;
			sourceTree = "<group>";
		};
		E31664AD26929DA0003175EF /* Preview Content */ = {
			isa = PBXGroup;
			children = (
				E31664AE26929DA0003175EF /* Preview Assets.xcassets */,
			);
			path = "Preview Content";
			sourceTree = "<group>";
		};
		E39C2CBB2696B88300C8DD3A /* Views */ = {
			isa = PBXGroup;
			children = (
				E31664A926929D9E003175EF /* ContentView.swift */,
				E39C2CB92696B86900C8DD3A /* ExerciseView.swift */,
				E30D5E3C269D2F290095CE91 /* RatingView.swift */,
				E3C75BBF2699CF9F00243DA9 /* HeaderView.swift */,
				E39C2CB72696B85400C8DD3A /* WelcomeView.swift */,
			);
			path = Views;
			sourceTree = "<group>";
		};
/* End PBXGroup section */

/* Begin PBXNativeTarget section */
		E31664A326929D9E003175EF /* FitMan */ = {
			isa = PBXNativeTarget;
			buildConfigurationList = E31664B326929DA0003175EF /* Build configuration list for PBXNativeTarget "FitMan" */;
			buildPhases = (
				E31664A026929D9E003175EF /* Sources */,
				E31664A126929D9E003175EF /* Frameworks */,
				E31664A226929D9E003175EF /* Resources */,
			);
			buildRules = (
			);
			dependencies = (
			);
			name = FitMan;
			productName = FitMan;
			productReference = E31664A426929D9E003175EF /* FitMan.app */;
			productType = "com.apple.product-type.application";
		};
/* End PBXNativeTarget section */

/* Begin PBXProject section */
		E316649C26929D9E003175EF /* Project object */ = {
			isa = PBXProject;
			attributes = {
				LastSwiftUpdateCheck = 1250;
				LastUpgradeCheck = 1250;
				TargetAttributes = {
					E31664A326929D9E003175EF = {
						CreatedOnToolsVersion = 12.5.1;
					};
				};
			};
			buildConfigurationList = E316649F26929D9E003175EF /* Build configuration list for PBXProject "FitMan" */;
			compatibilityVersion = "Xcode 12.0";
			developmentRegion = en;
			hasScannedForEncodings = 0;
			knownRegions = (
				en,
				Base,
			);
			mainGroup = E316649B26929D9E003175EF;
			productRefGroup = E31664A526929D9E003175EF /* Products */;
			projectDirPath = "";
			projectRoot = "";
			targets = (
				E31664A326929D9E003175EF /* FitMan */,
			);
		};
/* End PBXProject section */

/* Begin PBXResourcesBuildPhase section */
		E31664A226929D9E003175EF /* Resources */ = {
			isa = PBXResourcesBuildPhase;
			buildActionMask = 2147483647;
			files = (
				E39C2CC22696C33200C8DD3A /* step-up.mp4 in Resources */,
				E39C2CC12696C33200C8DD3A /* burpee.mp4 in Resources */,
				E31664AF26929DA0003175EF /* Preview Assets.xcassets in Resources */,
				E39C2CC02696C33200C8DD3A /* squat.mp4 in Resources */,
				E39C2CC32696C33200C8DD3A /* sun-salute.mp4 in Resources */,
				E31664AC26929DA0003175EF /* Assets.xcassets in Resources */,
			);
			runOnlyForDeploymentPostprocessing = 0;
		};
/* End PBXResourcesBuildPhase section */

/* Begin PBXSourcesBuildPhase section */
		E31664A026929D9E003175EF /* Sources */ = {
			isa = PBXSourcesBuildPhase;
			buildActionMask = 2147483647;
			files = (
				E3C75BC02699CF9F00243DA9 /* HeaderView.swift in Sources */,
				E39C2CBA2696B86900C8DD3A /* ExerciseView.swift in Sources */,
				E31664AA26929D9E003175EF /* ContentView.swift in Sources */,
				E30D5E3D269D2F290095CE91 /* RatingView.swift in Sources */,
				E39C2CB82696B85400C8DD3A /* WelcomeView.swift in Sources */,
				E31664A826929D9E003175EF /* FitManApp.swift in Sources */,
			);
			runOnlyForDeploymentPostprocessing = 0;
		};
/* End PBXSourcesBuildPhase section */

/* Begin XCBuildConfiguration section */
		E31664B126929DA0003175EF /* Debug */ = {
			isa = XCBuildConfiguration;
			buildSettings = {
				ALWAYS_SEARCH_USER_PATHS = NO;
				CLANG_ANALYZER_NONNULL = YES;
				CLANG_ANALYZER_NUMBER_OBJECT_CONVERSION = YES_AGGRESSIVE;
				CLANG_CXX_LANGUAGE_STANDARD = "gnu++14";
				CLANG_CXX_LIBRARY = "libc++";
				CLANG_ENABLE_MODULES = YES;
				CLANG_ENABLE_OBJC_ARC = YES;
				CLANG_ENABLE_OBJC_WEAK = YES;
				CLANG_WARN_BLOCK_CAPTURE_AUTORELEASING = YES;
				CLANG_WARN_BOOL_CONVERSION = YES;
				CLANG_WARN_COMMA = YES;
				CLANG_WARN_CONSTANT_CONVERSION = YES;
				CLANG_WARN_DEPRECATED_OBJC_IMPLEMENTATIONS = YES;
				CLANG_WARN_DIRECT_OBJC_ISA_USAGE = YES_ERROR;
				CLANG_WARN_DOCUMENTATION_COMMENTS = YES;
				CLANG_WARN_EMPTY_BODY = YES;
				CLANG_WARN_ENUM_CONVERSION = YES;
				CLANG_WARN_INFINITE_RECURSION = YES;
				CLANG_WARN_INT_CONVERSION = YES;
				CLANG_WARN_NON_LITERAL_NULL_CONVERSION = YES;
				CLANG_WARN_OBJC_IMPLICIT_RETAIN_SELF = YES;
				CLANG_WARN_OBJC_LITERAL_CONVERSION = YES;
				CLANG_WARN_OBJC_ROOT_CLASS = YES_ERROR;
				CLANG_WARN_QUOTED_INCLUDE_IN_FRAMEWORK_HEADER = YES;
				CLANG_WARN_RANGE_LOOP_ANALYSIS = YES;
				CLANG_WARN_STRICT_PROTOTYPES = YES;
				CLANG_WARN_SUSPICIOUS_MOVE = YES;
				CLANG_WARN_UNGUARDED_AVAILABILITY = YES_AGGRESSIVE;
				CLANG_WARN_UNREACHABLE_CODE = YES;
				CLANG_WARN__DUPLICATE_METHOD_MATCH = YES;
				COPY_PHASE_STRIP = NO;
				DEBUG_INFORMATION_FORMAT = dwarf;
				ENABLE_STRICT_OBJC_MSGSEND = YES;
				ENABLE_TESTABILITY = YES;
				GCC_C_LANGUAGE_STANDARD = gnu11;
				GCC_DYNAMIC_NO_PIC = NO;
				GCC_NO_COMMON_BLOCKS = YES;
				GCC_OPTIMIZATION_LEVEL = 0;
				GCC_PREPROCESSOR_DEFINITIONS = (
					"DEBUG=1",
					"$(inherited)",
				);
				GCC_WARN_64_TO_32_BIT_CONVERSION = YES;
				GCC_WARN_ABOUT_RETURN_TYPE = YES_ERROR;
				GCC_WARN_UNDECLARED_SELECTOR = YES;
				GCC_WARN_UNINITIALIZED_AUTOS = YES_AGGRESSIVE;
				GCC_WARN_UNUSED_FUNCTION = YES;
				GCC_WARN_UNUSED_VARIABLE = YES;
				IPHONEOS_DEPLOYMENT_TARGET = 14.5;
				MTL_ENABLE_DEBUG_INFO = INCLUDE_SOURCE;
				MTL_FAST_MATH = YES;
				ONLY_ACTIVE_ARCH = YES;
				SDKROOT = iphoneos;
				SWIFT_ACTIVE_COMPILATION_CONDITIONS = DEBUG;
				SWIFT_OPTIMIZATION_LEVEL = "-Onone";
			};
			name = Debug;
		};
		E31664B226929DA0003175EF /* Release */ = {
			isa = XCBuildConfiguration;
			buildSettings = {
				ALWAYS_SEARCH_USER_PATHS = NO;
				CLANG_ANALYZER_NONNULL = YES;
				CLANG_ANALYZER_NUMBER_OBJECT_CONVERSION = YES_AGGRESSIVE;
				CLANG_CXX_LANGUAGE_STANDARD = "gnu++14";
				CLANG_CXX_LIBRARY = "libc++";
				CLANG_ENABLE_MODULES = YES;
				CLANG_ENABLE_OBJC_ARC = YES;
				CLANG_ENABLE_OBJC_WEAK = YES;
				CLANG_WARN_BLOCK_CAPTURE_AUTORELEASING = YES;
				CLANG_WARN_BOOL_CONVERSION = YES;
				CLANG_WARN_COMMA = YES;
				CLANG_WARN_CONSTANT_CONVERSION = YES;
				CLANG_WARN_DEPRECATED_OBJC_IMPLEMENTATIONS = YES;
				CLANG_WARN_DIRECT_OBJC_ISA_USAGE = YES_ERROR;
				CLANG_WARN_DOCUMENTATION_COMMENTS = YES;
				CLANG_WARN_EMPTY_BODY = YES;
				CLANG_WARN_ENUM_CONVERSION = YES;
				CLANG_WARN_INFINITE_RECURSION = YES;
				CLANG_WARN_INT_CONVERSION = YES;
				CLANG_WARN_NON_LITERAL_NULL_CONVERSION = YES;
				CLANG_WARN_OBJC_IMPLICIT_RETAIN_SELF = YES;
				CLANG_WARN_OBJC_LITERAL_CONVERSION = YES;
				CLANG_WARN_OBJC_ROOT_CLASS = YES_ERROR;
				CLANG_WARN_QUOTED_INCLUDE_IN_FRAMEWORK_HEADER = YES;
				CLANG_WARN_RANGE_LOOP_ANALYSIS = YES;
				CLANG_WARN_STRICT_PROTOTYPES = YES;
				CLANG_WARN_SUSPICIOUS_MOVE = YES;
				CLANG_WARN_UNGUARDED_AVAILABILITY = YES_AGGRESSIVE;
				CLANG_WARN_UNREACHABLE_CODE = YES;
				CLANG_WARN__DUPLICATE_METHOD_MATCH = YES;
				COPY_PHASE_STRIP = NO;
				DEBUG_INFORMATION_FORMAT = "dwarf-with-dsym";
				ENABLE_NS_ASSERTIONS = NO;
				ENABLE_STRICT_OBJC_MSGSEND = YES;
				GCC_C_LANGUAGE_STANDARD = gnu11;
				GCC_NO_COMMON_BLOCKS = YES;
				GCC_WARN_64_TO_32_BIT_CONVERSION = YES;
				GCC_WARN_ABOUT_RETURN_TYPE = YES_ERROR;
				GCC_WARN_UNDECLARED_SELECTOR = YES;
				GCC_WARN_UNINITIALIZED_AUTOS = YES_AGGRESSIVE;
				GCC_WARN_UNUSED_FUNCTION = YES;
				GCC_WARN_UNUSED_VARIABLE = YES;
				IPHONEOS_DEPLOYMENT_TARGET = 14.5;
				MTL_ENABLE_DEBUG_INFO = NO;
				MTL_FAST_MATH = YES;
				SDKROOT = iphoneos;
				SWIFT_COMPILATION_MODE = wholemodule;
				SWIFT_OPTIMIZATION_LEVEL = "-O";
				VALIDATE_PRODUCT = YES;
			};
			name = Release;
		};
		E31664B426929DA0003175EF /* Debug */ = {
			isa = XCBuildConfiguration;
			buildSettings = {
				ASSETCATALOG_COMPILER_APPICON_NAME = AppIcon;
				ASSETCATALOG_COMPILER_GLOBAL_ACCENT_COLOR_NAME = AccentColor;
				CODE_SIGN_STYLE = Automatic;
				DEVELOPMENT_ASSET_PATHS = "\"FitMan/Preview Content\"";
				DEVELOPMENT_TEAM = EXU4FJ3QZ6;
				ENABLE_PREVIEWS = YES;
				INFOPLIST_FILE = FitMan/Info.plist;
				IPHONEOS_DEPLOYMENT_TARGET = 14.0;
				LD_RUNPATH_SEARCH_PATHS = (
					"$(inherited)",
					"@executable_path/Frameworks",
				);
				PRODUCT_BUNDLE_IDENTIFIER = com.ttlecom.FitMan;
				PRODUCT_NAME = "$(TARGET_NAME)";
				SWIFT_VERSION = 5.0;
				TARGETED_DEVICE_FAMILY = "1,2";
			};
			name = Debug;
		};
		E31664B526929DA0003175EF /* Release */ = {
			isa = XCBuildConfiguration;
			buildSettings = {
				ASSETCATALOG_COMPILER_APPICON_NAME = AppIcon;
				ASSETCATALOG_COMPILER_GLOBAL_ACCENT_COLOR_NAME = AccentColor;
				CODE_SIGN_STYLE = Automatic;
				DEVELOPMENT_ASSET_PATHS = "\"FitMan/Preview Content\"";
				DEVELOPMENT_TEAM = EXU4FJ3QZ6;
				ENABLE_PREVIEWS = YES;
				INFOPLIST_FILE = FitMan/Info.plist;
				IPHONEOS_DEPLOYMENT_TARGET = 14.0;
				LD_RUNPATH_SEARCH_PATHS = (
					"$(inherited)",
					"@executable_path/Frameworks",
				);
				PRODUCT_BUNDLE_IDENTIFIER = com.ttlecom.FitMan;
				PRODUCT_NAME = "$(TARGET_NAME)";
				SWIFT_VERSION = 5.0;
				TARGETED_DEVICE_FAMILY = "1,2";
			};
			name = Release;
		};
/* End XCBuildConfiguration section */

/* Begin XCConfigurationList section */
		E316649F26929D9E003175EF /* Build configuration list for PBXProject "FitMan" */ = {
			isa = XCConfigurationList;
			buildConfigurations = (
				E31664B126929DA0003175EF /* Debug */,
				E31664B226929DA0003175EF /* Release */,
			);
			defaultConfigurationIsVisible = 0;
			defaultConfigurationName = Release;
		};
		E31664B326929DA0003175EF /* Build configuration list for PBXNativeTarget "FitMan" */ = {
			isa = XCConfigurationList;
			buildConfigurations = (
				E31664B426929DA0003175EF /* Debug */,
				E31664B526929DA0003175EF /* Release */,
			);
			defaultConfigurationIsVisible = 0;
			defaultConfigurationName = Release;
		};
/* End XCConfigurationList section */
	};
	rootObject = E316649C26929D9E003175EF /* Project object */;
}
